
Microsoft Visual Studio Solution File, Format Version 12.00
# Visual Studio Version 16
VisualStudioVersion = 16.0.31515.178
MinimumVisualStudioVersion = 10.0.40219.1
Project("{2150E333-8FDC-42A3-9474-1A3956D46DE8}") = "Services", "Services", "{46FED08B-F775-4971-8ED6-CBD785C224AC}"
EndProject
Project("{2150E333-8FDC-42A3-9474-1A3956D46DE8}") = "Catalog", "Catalog", "{796F18B2-3584-4427-BE20-25B7BBA67D9D}"
EndProject
Project("{9A19103F-16F7-4668-BE54-9A1E7A4F7556}") = "Catalog.API", "Services\Catalog\Catalog.API\Catalog.API.csproj", "{4E4D912E-548A-474F-B6E5-AA4CEF1B4665}"
EndProject
Project("{E53339B2-1760-4266-BCC7-CA923CBCF16C}") = "docker-compose", "docker-compose.dcproj", "{F735CC86-CB2F-4FDE-BCEB-6031A665CAD5}"
EndProject
Project("{2150E333-8FDC-42A3-9474-1A3956D46DE8}") = "Basket", "Basket", "{2416674C-F958-4F7B-99CD-B58725DBFCC3}"
EndProject
Project("{9A19103F-16F7-4668-BE54-9A1E7A4F7556}") = "Basket.API", "Services\Basket\Basket.API\Basket.API.csproj", "{CB336C39-1AB1-4712-A5F6-67A922C40ADF}"
EndProject
Project("{2150E333-8FDC-42A3-9474-1A3956D46DE8}") = "Discount", "Discount", "{FCF0DC0D-526E-49D8-81C2-83F092B7A264}"
EndProject
Project("{FAE04EC0-301F-11D3-BF4B-00C04F79EFBC}") = "Discount.API", "Services\Discount\Discount.API\Discount.API.csproj", "{368CAFC9-6819-43CF-B0F6-9A53816C815F}"
EndProject
Global
	GlobalSection(SolutionConfigurationPlatforms) = preSolution
		Debug|Any CPU = Debug|Any CPU
		Release|Any CPU = Release|Any CPU
	EndGlobalSection
	GlobalSection(ProjectConfigurationPlatforms) = postSolution
		{4E4D912E-548A-474F-B6E5-AA4CEF1B4665}.Debug|Any CPU.ActiveCfg = Debug|Any CPU
		{4E4D912E-548A-474F-B6E5-AA4CEF1B4665}.Debug|Any CPU.Build.0 = Debug|Any CPU
		{4E4D912E-548A-474F-B6E5-AA4CEF1B4665}.Release|Any CPU.ActiveCfg = Release|Any CPU
		{4E4D912E-548A-474F-B6E5-AA4CEF1B4665}.Release|Any CPU.Build.0 = Release|Any CPU
		{F735CC86-CB2F-4FDE-BCEB-6031A665CAD5}.Debug|Any CPU.ActiveCfg = Debug|Any CPU
		{F735CC86-CB2F-4FDE-BCEB-6031A665CAD5}.Debug|Any CPU.Build.0 = Debug|Any CPU
		{F735CC86-CB2F-4FDE-BCEB-6031A665CAD5}.Release|Any CPU.ActiveCfg = Release|Any CPU
		{F735CC86-CB2F-4FDE-BCEB-6031A665CAD5}.Release|Any CPU.Build.0 = Release|Any CPU
		{CB336C39-1AB1-4712-A5F6-67A922C40ADF}.Debug|Any CPU.ActiveCfg = Debug|Any CPU
		{CB336C39-1AB1-4712-A5F6-67A922C40ADF}.Debug|Any CPU.Build.0 = Debug|Any CPU
		{CB336C39-1AB1-4712-A5F6-67A922C40ADF}.Release|Any CPU.ActiveCfg = Release|Any CPU
		{CB336C39-1AB1-4712-A5F6-67A922C40ADF}.Release|Any CPU.Build.0 = Release|Any CPU
		{368CAFC9-6819-43CF-B0F6-9A53816C815F}.Debug|Any CPU.ActiveCfg = Debug|Any CPU
		{368CAFC9-6819-43CF-B0F6-9A53816C815F}.Debug|Any CPU.Build.0 = Debug|Any CPU
		{368CAFC9-6819-43CF-B0F6-9A53816C815F}.Release|Any CPU.ActiveCfg = Release|Any CPU
		{368CAFC9-6819-43CF-B0F6-9A53816C815F}.Release|Any CPU.Build.0 = Release|Any CPU
	EndGlobalSection
	GlobalSection(SolutionProperties) = preSolution
		HideSolutionNode = FALSE
	EndGlobalSection
	GlobalSection(NestedProjects) = preSolution
		{796F18B2-3584-4427-BE20-25B7BBA67D9D} = {46FED08B-F775-4971-8ED6-CBD785C224AC}
		{4E4D912E-548A-474F-B6E5-AA4CEF1B4665} = {796F18B2-3584-4427-BE20-25B7BBA67D9D}
		{2416674C-F958-4F7B-99CD-B58725DBFCC3} = {46FED08B-F775-4971-8ED6-CBD785C224AC}
		{CB336C39-1AB1-4712-A5F6-67A922C40ADF} = {2416674C-F958-4F7B-99CD-B58725DBFCC3}
		{FCF0DC0D-526E-49D8-81C2-83F092B7A264} = {46FED08B-F775-4971-8ED6-CBD785C224AC}
		{368CAFC9-6819-43CF-B0F6-9A53816C815F} = {FCF0DC0D-526E-49D8-81C2-83F092B7A264}
	EndGlobalSection
	GlobalSection(ExtensibilityGlobals) = postSolution
		SolutionGuid = {B4136308-EB12-4AEF-9F1E-6D761248C694}
	EndGlobalSection
EndGlobal
