
Microsoft Visual Studio Solution File, Format Version 12.00
# Visual Studio Version 16
VisualStudioVersion = 16.0.31702.278
MinimumVisualStudioVersion = 10.0.40219.1
Project("{2150E333-8FDC-42A3-9474-1A3956D46DE8}") = "Services", "Services", "{46FED08B-F775-4971-8ED6-CBD785C224AC}"
EndProject
Project("{2150E333-8FDC-42A3-9474-1A3956D46DE8}") = "Catalog", "Catalog", "{796F18B2-3584-4427-BE20-25B7BBA67D9D}"
EndProject
Project("{9A19103F-16F7-4668-BE54-9A1E7A4F7556}") = "Catalog.API", "Services\Catalog\Catalog.API\Catalog.API.csproj", "{4E4D912E-548A-474F-B6E5-AA4CEF1B4665}"
EndProject
Project("{E53339B2-1760-4266-BCC7-CA923CBCF16C}") = "docker-compose", "docker-compose.dcproj", "{F735CC86-CB2F-4FDE-BCEB-6031A665CAD5}"
EndProject
Project("{2150E333-8FDC-42A3-9474-1A3956D46DE8}") = "Basket", "Basket", "{2416674C-F958-4F7B-99CD-B58725DBFCC3}"
EndProject
Project("{9A19103F-16F7-4668-BE54-9A1E7A4F7556}") = "Basket.API", "Services\Basket\Basket.API\Basket.API.csproj", "{CB336C39-1AB1-4712-A5F6-67A922C40ADF}"
EndProject
Project("{2150E333-8FDC-42A3-9474-1A3956D46DE8}") = "Discount", "Discount", "{FCF0DC0D-526E-49D8-81C2-83F092B7A264}"
EndProject
Project("{9A19103F-16F7-4668-BE54-9A1E7A4F7556}") = "Discount.API", "Services\Discount\Discount.API\Discount.API.csproj", "{368CAFC9-6819-43CF-B0F6-9A53816C815F}"
EndProject
Project("{9A19103F-16F7-4668-BE54-9A1E7A4F7556}") = "Discount.Grpc", "Services\Discount\Discount.Grpc\Discount.Grpc.csproj", "{7F2FEE31-A96E-4711-AE6D-14249C391001}"
EndProject
Project("{2150E333-8FDC-42A3-9474-1A3956D46DE8}") = "Ordering", "Ordering", "{F15816D6-AEF3-4882-B9E1-F14C12990166}"
EndProject
Project("{9A19103F-16F7-4668-BE54-9A1E7A4F7556}") = "Ordering.API", "Services\Ordering\Ordering.API\Ordering.API.csproj", "{36470538-DF43-43D8-B771-DC560A89265F}"
EndProject
Project("{9A19103F-16F7-4668-BE54-9A1E7A4F7556}") = "Ordering.Domain", "Services\Ordering\Ordering.Domain\Ordering.Domain.csproj", "{7CC7B992-6730-4E2E-B686-B91DEB9C268F}"
EndProject
Project("{9A19103F-16F7-4668-BE54-9A1E7A4F7556}") = "Ordering.Application", "Services\Ordering\Ordering.Application\Ordering.Application.csproj", "{447765AF-F1C0-409F-9C84-502BFD9D47BF}"
EndProject
Project("{9A19103F-16F7-4668-BE54-9A1E7A4F7556}") = "Ordering.Infrastructure", "Services\Ordering\Ordering.Infrastructure\Ordering.Infrastructure.csproj", "{16A69535-146B-4903-83C3-06F728BB7228}"
EndProject
Project("{2150E333-8FDC-42A3-9474-1A3956D46DE8}") = "BuildingBlocks", "BuildingBlocks", "{76336C8B-5ED3-4528-BD30-9EFC17553747}"
EndProject
Project("{9A19103F-16F7-4668-BE54-9A1E7A4F7556}") = "EventBusMessages", "BuildingBlocks\EventBusMessages\EventBusMessages.csproj", "{771C31DA-E358-46DF-8868-9B8FAE2E3CB1}"
EndProject
Project("{2150E333-8FDC-42A3-9474-1A3956D46DE8}") = "ApiGateways", "ApiGateways", "{E57DF10C-1CF6-4479-BFCF-387F4B0940E0}"
EndProject
Project("{9A19103F-16F7-4668-BE54-9A1E7A4F7556}") = "OcelotApiGw", "ApiGateways\OcelotApiGw\OcelotApiGw.csproj", "{ACE3DF92-EA54-4CFD-AEBF-26F24354C6F4}"
EndProject
Project("{9A19103F-16F7-4668-BE54-9A1E7A4F7556}") = "Shopping.Aggregator", "ApiGateways\Shopping.Agregator\Shopping.Aggregator.csproj", "{8016ECB4-3C73-49D6-80BC-04721B0C6D46}"
EndProject
Project("{2150E333-8FDC-42A3-9474-1A3956D46DE8}") = "WebApps", "WebApps", "{7C8CD71C-1D63-449C-A958-B26C7779779C}"
EndProject
Project("{9A19103F-16F7-4668-BE54-9A1E7A4F7556}") = "AspnetRunBasics", "WebApps\AspnetRunBasics\AspnetRunBasics.csproj", "{3AA0C15D-28B7-4871-A1F8-33A71158A8E3}"
EndProject
Project("{9A19103F-16F7-4668-BE54-9A1E7A4F7556}") = "Commom.Logging", "BuildingBlocks\Commom.Logging\Commom.Logging.csproj", "{DE378606-7FE5-47DE-AF1B-CDB88632DFF6}"
EndProject
Project("{9A19103F-16F7-4668-BE54-9A1E7A4F7556}") = "WebStatus", "WebApps\WebStatus\WebStatus.csproj", "{BBAE5115-8D28-4230-8E99-691E7CA42097}"
EndProject
Global
	GlobalSection(SolutionConfigurationPlatforms) = preSolution
		Debug|Any CPU = Debug|Any CPU
		Release|Any CPU = Release|Any CPU
	EndGlobalSection
	GlobalSection(ProjectConfigurationPlatforms) = postSolution
		{4E4D912E-548A-474F-B6E5-AA4CEF1B4665}.Debug|Any CPU.ActiveCfg = Debug|Any CPU
		{4E4D912E-548A-474F-B6E5-AA4CEF1B4665}.Debug|Any CPU.Build.0 = Debug|Any CPU
		{4E4D912E-548A-474F-B6E5-AA4CEF1B4665}.Release|Any CPU.ActiveCfg = Release|Any CPU
		{4E4D912E-548A-474F-B6E5-AA4CEF1B4665}.Release|Any CPU.Build.0 = Release|Any CPU
		{F735CC86-CB2F-4FDE-BCEB-6031A665CAD5}.Debug|Any CPU.ActiveCfg = Debug|Any CPU
		{F735CC86-CB2F-4FDE-BCEB-6031A665CAD5}.Debug|Any CPU.Build.0 = Debug|Any CPU
		{F735CC86-CB2F-4FDE-BCEB-6031A665CAD5}.Release|Any CPU.ActiveCfg = Release|Any CPU
		{F735CC86-CB2F-4FDE-BCEB-6031A665CAD5}.Release|Any CPU.Build.0 = Release|Any CPU
		{CB336C39-1AB1-4712-A5F6-67A922C40ADF}.Debug|Any CPU.ActiveCfg = Debug|Any CPU
		{CB336C39-1AB1-4712-A5F6-67A922C40ADF}.Debug|Any CPU.Build.0 = Debug|Any CPU
		{CB336C39-1AB1-4712-A5F6-67A922C40ADF}.Release|Any CPU.ActiveCfg = Release|Any CPU
		{CB336C39-1AB1-4712-A5F6-67A922C40ADF}.Release|Any CPU.Build.0 = Release|Any CPU
		{368CAFC9-6819-43CF-B0F6-9A53816C815F}.Debug|Any CPU.ActiveCfg = Debug|Any CPU
		{368CAFC9-6819-43CF-B0F6-9A53816C815F}.Debug|Any CPU.Build.0 = Debug|Any CPU
		{368CAFC9-6819-43CF-B0F6-9A53816C815F}.Release|Any CPU.ActiveCfg = Release|Any CPU
		{368CAFC9-6819-43CF-B0F6-9A53816C815F}.Release|Any CPU.Build.0 = Release|Any CPU
		{7F2FEE31-A96E-4711-AE6D-14249C391001}.Debug|Any CPU.ActiveCfg = Debug|Any CPU
		{7F2FEE31-A96E-4711-AE6D-14249C391001}.Debug|Any CPU.Build.0 = Debug|Any CPU
		{7F2FEE31-A96E-4711-AE6D-14249C391001}.Release|Any CPU.ActiveCfg = Release|Any CPU
		{7F2FEE31-A96E-4711-AE6D-14249C391001}.Release|Any CPU.Build.0 = Release|Any CPU
		{36470538-DF43-43D8-B771-DC560A89265F}.Debug|Any CPU.ActiveCfg = Debug|Any CPU
		{36470538-DF43-43D8-B771-DC560A89265F}.Debug|Any CPU.Build.0 = Debug|Any CPU
		{36470538-DF43-43D8-B771-DC560A89265F}.Release|Any CPU.ActiveCfg = Release|Any CPU
		{36470538-DF43-43D8-B771-DC560A89265F}.Release|Any CPU.Build.0 = Release|Any CPU
		{7CC7B992-6730-4E2E-B686-B91DEB9C268F}.Debug|Any CPU.ActiveCfg = Debug|Any CPU
		{7CC7B992-6730-4E2E-B686-B91DEB9C268F}.Debug|Any CPU.Build.0 = Debug|Any CPU
		{7CC7B992-6730-4E2E-B686-B91DEB9C268F}.Release|Any CPU.ActiveCfg = Release|Any CPU
		{7CC7B992-6730-4E2E-B686-B91DEB9C268F}.Release|Any CPU.Build.0 = Release|Any CPU
		{447765AF-F1C0-409F-9C84-502BFD9D47BF}.Debug|Any CPU.ActiveCfg = Debug|Any CPU
		{447765AF-F1C0-409F-9C84-502BFD9D47BF}.Debug|Any CPU.Build.0 = Debug|Any CPU
		{447765AF-F1C0-409F-9C84-502BFD9D47BF}.Release|Any CPU.ActiveCfg = Release|Any CPU
		{447765AF-F1C0-409F-9C84-502BFD9D47BF}.Release|Any CPU.Build.0 = Release|Any CPU
		{16A69535-146B-4903-83C3-06F728BB7228}.Debug|Any CPU.ActiveCfg = Debug|Any CPU
		{16A69535-146B-4903-83C3-06F728BB7228}.Debug|Any CPU.Build.0 = Debug|Any CPU
		{16A69535-146B-4903-83C3-06F728BB7228}.Release|Any CPU.ActiveCfg = Release|Any CPU
		{16A69535-146B-4903-83C3-06F728BB7228}.Release|Any CPU.Build.0 = Release|Any CPU
		{771C31DA-E358-46DF-8868-9B8FAE2E3CB1}.Debug|Any CPU.ActiveCfg = Debug|Any CPU
		{771C31DA-E358-46DF-8868-9B8FAE2E3CB1}.Debug|Any CPU.Build.0 = Debug|Any CPU
		{771C31DA-E358-46DF-8868-9B8FAE2E3CB1}.Release|Any CPU.ActiveCfg = Release|Any CPU
		{771C31DA-E358-46DF-8868-9B8FAE2E3CB1}.Release|Any CPU.Build.0 = Release|Any CPU
		{ACE3DF92-EA54-4CFD-AEBF-26F24354C6F4}.Debug|Any CPU.ActiveCfg = Debug|Any CPU
		{ACE3DF92-EA54-4CFD-AEBF-26F24354C6F4}.Debug|Any CPU.Build.0 = Debug|Any CPU
		{ACE3DF92-EA54-4CFD-AEBF-26F24354C6F4}.Release|Any CPU.ActiveCfg = Release|Any CPU
		{ACE3DF92-EA54-4CFD-AEBF-26F24354C6F4}.Release|Any CPU.Build.0 = Release|Any CPU
		{8016ECB4-3C73-49D6-80BC-04721B0C6D46}.Debug|Any CPU.ActiveCfg = Debug|Any CPU
		{8016ECB4-3C73-49D6-80BC-04721B0C6D46}.Debug|Any CPU.Build.0 = Debug|Any CPU
		{8016ECB4-3C73-49D6-80BC-04721B0C6D46}.Release|Any CPU.ActiveCfg = Release|Any CPU
		{8016ECB4-3C73-49D6-80BC-04721B0C6D46}.Release|Any CPU.Build.0 = Release|Any CPU
		{3AA0C15D-28B7-4871-A1F8-33A71158A8E3}.Debug|Any CPU.ActiveCfg = Debug|Any CPU
		{3AA0C15D-28B7-4871-A1F8-33A71158A8E3}.Debug|Any CPU.Build.0 = Debug|Any CPU
		{3AA0C15D-28B7-4871-A1F8-33A71158A8E3}.Release|Any CPU.ActiveCfg = Release|Any CPU
		{3AA0C15D-28B7-4871-A1F8-33A71158A8E3}.Release|Any CPU.Build.0 = Release|Any CPU
		{DE378606-7FE5-47DE-AF1B-CDB88632DFF6}.Debug|Any CPU.ActiveCfg = Debug|Any CPU
		{DE378606-7FE5-47DE-AF1B-CDB88632DFF6}.Debug|Any CPU.Build.0 = Debug|Any CPU
		{DE378606-7FE5-47DE-AF1B-CDB88632DFF6}.Release|Any CPU.ActiveCfg = Release|Any CPU
		{DE378606-7FE5-47DE-AF1B-CDB88632DFF6}.Release|Any CPU.Build.0 = Release|Any CPU
		{BBAE5115-8D28-4230-8E99-691E7CA42097}.Debug|Any CPU.ActiveCfg = Debug|Any CPU
		{BBAE5115-8D28-4230-8E99-691E7CA42097}.Debug|Any CPU.Build.0 = Debug|Any CPU
		{BBAE5115-8D28-4230-8E99-691E7CA42097}.Release|Any CPU.ActiveCfg = Release|Any CPU
		{BBAE5115-8D28-4230-8E99-691E7CA42097}.Release|Any CPU.Build.0 = Release|Any CPU
	EndGlobalSection
	GlobalSection(SolutionProperties) = preSolution
		HideSolutionNode = FALSE
	EndGlobalSection
	GlobalSection(NestedProjects) = preSolution
		{796F18B2-3584-4427-BE20-25B7BBA67D9D} = {46FED08B-F775-4971-8ED6-CBD785C224AC}
		{4E4D912E-548A-474F-B6E5-AA4CEF1B4665} = {796F18B2-3584-4427-BE20-25B7BBA67D9D}
		{2416674C-F958-4F7B-99CD-B58725DBFCC3} = {46FED08B-F775-4971-8ED6-CBD785C224AC}
		{CB336C39-1AB1-4712-A5F6-67A922C40ADF} = {2416674C-F958-4F7B-99CD-B58725DBFCC3}
		{FCF0DC0D-526E-49D8-81C2-83F092B7A264} = {46FED08B-F775-4971-8ED6-CBD785C224AC}
		{368CAFC9-6819-43CF-B0F6-9A53816C815F} = {FCF0DC0D-526E-49D8-81C2-83F092B7A264}
		{7F2FEE31-A96E-4711-AE6D-14249C391001} = {FCF0DC0D-526E-49D8-81C2-83F092B7A264}
		{F15816D6-AEF3-4882-B9E1-F14C12990166} = {46FED08B-F775-4971-8ED6-CBD785C224AC}
		{36470538-DF43-43D8-B771-DC560A89265F} = {F15816D6-AEF3-4882-B9E1-F14C12990166}
		{7CC7B992-6730-4E2E-B686-B91DEB9C268F} = {F15816D6-AEF3-4882-B9E1-F14C12990166}
		{447765AF-F1C0-409F-9C84-502BFD9D47BF} = {F15816D6-AEF3-4882-B9E1-F14C12990166}
		{16A69535-146B-4903-83C3-06F728BB7228} = {F15816D6-AEF3-4882-B9E1-F14C12990166}
		{771C31DA-E358-46DF-8868-9B8FAE2E3CB1} = {76336C8B-5ED3-4528-BD30-9EFC17553747}
		{ACE3DF92-EA54-4CFD-AEBF-26F24354C6F4} = {E57DF10C-1CF6-4479-BFCF-387F4B0940E0}
		{8016ECB4-3C73-49D6-80BC-04721B0C6D46} = {E57DF10C-1CF6-4479-BFCF-387F4B0940E0}
		{3AA0C15D-28B7-4871-A1F8-33A71158A8E3} = {7C8CD71C-1D63-449C-A958-B26C7779779C}
		{DE378606-7FE5-47DE-AF1B-CDB88632DFF6} = {76336C8B-5ED3-4528-BD30-9EFC17553747}
		{BBAE5115-8D28-4230-8E99-691E7CA42097} = {7C8CD71C-1D63-449C-A958-B26C7779779C}
	EndGlobalSection
	GlobalSection(ExtensibilityGlobals) = postSolution
		SolutionGuid = {B4136308-EB12-4AEF-9F1E-6D761248C694}
	EndGlobalSection
EndGlobal
